
Microsoft Visual Studio Solution File, Format Version 12.00
# Visual Studio Version 16
VisualStudioVersion = 16.0.28729.10
MinimumVisualStudioVersion = 10.0.40219.1
Project("{FAE04EC0-301F-11D3-BF4B-00C04F79EFBC}") = "HR.Web", "HR.Web\HR.Web.csproj", "{40124F45-40FB-4A0E-97F7-D21E2A644F64}"
EndProject
Global
	GlobalSection(SolutionConfigurationPlatforms) = preSolution
		Debug|Any CPU = Debug|Any CPU
		Release|Any CPU = Release|Any CPU
	EndGlobalSection
	GlobalSection(ProjectConfigurationPlatforms) = postSolution
		{40124F45-40FB-4A0E-97F7-D21E2A644F64}.Debug|Any CPU.ActiveCfg = Debug|Any CPU
		{40124F45-40FB-4A0E-97F7-D21E2A644F64}.Debug|Any CPU.Build.0 = Debug|Any CPU
		{40124F45-40FB-4A0E-97F7-D21E2A644F64}.Release|Any CPU.ActiveCfg = Release|Any CPU
		{40124F45-40FB-4A0E-97F7-D21E2A644F64}.Release|Any CPU.Build.0 = Release|Any CPU
	EndGlobalSection
	GlobalSection(SolutionProperties) = preSolution
		HideSolutionNode = FALSE
	EndGlobalSection
	GlobalSection(ExtensibilityGlobals) = postSolution
		SolutionGuid = {7A0D2ECE-5692-4486-ADCC-C1C3A8B8D6B6}
	EndGlobalSection
EndGlobal
